
Microsoft Visual Studio Solution File, Format Version 12.00
# Visual Studio Version 17
VisualStudioVersion = 17.12.35323.107
MinimumVisualStudioVersion = 10.0.40219.1
Project("{FAE04EC0-301F-11D3-BF4B-00C04F79EFBC}") = "NorskeForhold", "NorskeForhold\NorskeForhold.csproj", "{711E3364-05CE-4E3B-B46C-323341D0394D}"
EndProject
Project("{FAE04EC0-301F-11D3-BF4B-00C04F79EFBC}") = "NorskeForhold.Enhetstester", "NorskeForhold.UnitTests\NorskeForhold.Enhetstester.csproj", "{6D04D387-2DE8-42F7-9058-60EC7C6E926A}"
EndProject
Project("{2150E333-8FDC-42A3-9474-1A3956D46DE8}") = "Solution Items", "Solution Items", "{A674EAD3-7367-41A8-824A-3C98AAF216C0}"
	ProjectSection(SolutionItems) = preProject
		.gitignore = .gitignore
		Directory.Build.props = Directory.Build.props
		icon.png = icon.png
		LICENSE = LICENSE
		README.md = README.md
		SolutionInfo.cs = SolutionInfo.cs
	EndProjectSection
EndProject
Project("{2150E333-8FDC-42A3-9474-1A3956D46DE8}") = ".github", ".github", "{02EA681E-C7D8-13C7-8484-4AC65E1B71E8}"
	ProjectSection(SolutionItems) = preProject
		.github\pull_request_template.md = .github\pull_request_template.md
		.github\release.yml = .github\release.yml
	EndProjectSection
EndProject
Project("{2150E333-8FDC-42A3-9474-1A3956D46DE8}") = "workflows", "workflows", "{EAD00F45-0561-42D1-A1A9-071B9EA16276}"
	ProjectSection(SolutionItems) = preProject
		.github\workflows\CI.yml = .github\workflows\CI.yml
Project("{2150E333-8FDC-42A3-9474-1A3956D46DE8}") = "docFx", "docFx", "{77835F8C-9030-4CBD-9F19-C11007DD34C7}"
	ProjectSection(SolutionItems) = preProject
		docfx\docfx.json = docfx\docfx.json
		docfx\index.md = docfx\index.md
		docfx\toc.yml = docfx\toc.yml
	EndProjectSection
EndProject
Project("{2150E333-8FDC-42A3-9474-1A3956D46DE8}") = "ISSUE_TEMPLATE", "ISSUE_TEMPLATE", "{1B800BC2-A8B1-4756-89E3-E952039D4788}"
	ProjectSection(SolutionItems) = preProject
		.github\ISSUE_TEMPLATE\bug.yml = .github\ISSUE_TEMPLATE\bug.yml
		.github\ISSUE_TEMPLATE\feature.yml = .github\ISSUE_TEMPLATE\feature.yml
	EndProjectSection
EndProject
Project("{2150E333-8FDC-42A3-9474-1A3956D46DE8}") = "docs", "docs", "{EE8F4DD1-0A53-4478-9343-B4150002C1D2}"
	ProjectSection(SolutionItems) = preProject
		docfx\docs\getting-started.md = docfx\docs\getting-started.md
		docfx\docs\toc.yml = docfx\docs\toc.yml
	EndProjectSection
EndProject
Global
	GlobalSection(SolutionConfigurationPlatforms) = preSolution
		Debug|Any CPU = Debug|Any CPU
		Release|Any CPU = Release|Any CPU
	EndGlobalSection
	GlobalSection(ProjectConfigurationPlatforms) = postSolution
		{711E3364-05CE-4E3B-B46C-323341D0394D}.Debug|Any CPU.ActiveCfg = Debug|Any CPU
		{711E3364-05CE-4E3B-B46C-323341D0394D}.Debug|Any CPU.Build.0 = Debug|Any CPU
		{711E3364-05CE-4E3B-B46C-323341D0394D}.Release|Any CPU.ActiveCfg = Release|Any CPU
		{711E3364-05CE-4E3B-B46C-323341D0394D}.Release|Any CPU.Build.0 = Release|Any CPU
		{6D04D387-2DE8-42F7-9058-60EC7C6E926A}.Debug|Any CPU.ActiveCfg = Debug|Any CPU
		{6D04D387-2DE8-42F7-9058-60EC7C6E926A}.Debug|Any CPU.Build.0 = Debug|Any CPU
		{6D04D387-2DE8-42F7-9058-60EC7C6E926A}.Release|Any CPU.ActiveCfg = Release|Any CPU
		{6D04D387-2DE8-42F7-9058-60EC7C6E926A}.Release|Any CPU.Build.0 = Release|Any CPU
	EndGlobalSection
	GlobalSection(SolutionProperties) = preSolution
		HideSolutionNode = FALSE
	EndGlobalSection
	GlobalSection(NestedProjects) = preSolution
		{EAD00F45-0561-42D1-A1A9-071B9EA16276} = {02EA681E-C7D8-13C7-8484-4AC65E1B71E8}
		{1B800BC2-A8B1-4756-89E3-E952039D4788} = {02EA681E-C7D8-13C7-8484-4AC65E1B71E8}
		{EE8F4DD1-0A53-4478-9343-B4150002C1D2} = {77835F8C-9030-4CBD-9F19-C11007DD34C7}
	EndGlobalSection
	GlobalSection(ExtensibilityGlobals) = postSolution
		SolutionGuid = {1FDA41A6-0CBB-4EBA-99F4-10EDBF2B764B}
	EndGlobalSection
EndGlobal
